
Microsoft Visual Studio Solution File, Format Version 12.00
# Visual Studio Version 16
VisualStudioVersion = 16.0.29905.134
MinimumVisualStudioVersion = 10.0.40219.1
Project("{FAE04EC0-301F-11D3-BF4B-00C04F79EFBC}") = "HomeWork", "HomeWork\HomeWork.csproj", "{8BCAACE5-739B-42E2-98EE-AB562436E3B2}"
EndProject
Global
	GlobalSection(SolutionConfigurationPlatforms) = preSolution
		Debug|Any CPU = Debug|Any CPU
		Release|Any CPU = Release|Any CPU
	EndGlobalSection
	GlobalSection(ProjectConfigurationPlatforms) = postSolution
		{8BCAACE5-739B-42E2-98EE-AB562436E3B2}.Debug|Any CPU.ActiveCfg = Debug|Any CPU
		{8BCAACE5-739B-42E2-98EE-AB562436E3B2}.Debug|Any CPU.Build.0 = Debug|Any CPU
		{8BCAACE5-739B-42E2-98EE-AB562436E3B2}.Release|Any CPU.ActiveCfg = Release|Any CPU
		{8BCAACE5-739B-42E2-98EE-AB562436E3B2}.Release|Any CPU.Build.0 = Release|Any CPU
	EndGlobalSection
	GlobalSection(SolutionProperties) = preSolution
		HideSolutionNode = FALSE
	EndGlobalSection
	GlobalSection(ExtensibilityGlobals) = postSolution
		SolutionGuid = {0DF1B33B-06FC-4ED3-87F7-E7AA76C92DAA}
	EndGlobalSection
EndGlobal
